github.com/davecgh/go-spew v1.1.1/go.mod h1:J7Y8YcW2NihsgmVo/mv3lAwl/skON4iLHjSsI+c5H38=
github.com/pmezard/go-difflib v1.0.0/go.mod h1:iKH77koFhYxTK1pcRnkKkqfTogsbg7gZNVY4sRDYZ/4=
github.com/stretchr/objx v0.1.1/go.mod h1:HFkY916IF+rwdDfMAkV7OtwuqBVzrE8GR6GFx+wExME=
github.com/stretchr/testify v1.2.2/go.mod h1:a8OnRcib4nhh0OaRAV+Yts87kKdq0PP7pXfy6kDkUVs=
golang.org/x/net v0.0.0-20181129055619-fae4c4e3ad76 h1:xx5MUFyRQRbPk6VjWjIE1epE/K5AoDD8QUN116NCy8k=
golang.org/x/net v0.0.0-20181129055619-fae4c4e3ad76/go.mod h1:mL1N/T3taQHkDXs73rZJwtUhF3w3ftmwwsq0BUmARs4=
indeed/gophers/3rdparty v0.0.5 h1:i8aJKL/m7i1fs2Zpl3xoETGYEa0aHhL0k+bp2J0QpbQ=
indeed/gophers/3rdparty v0.0.5/go.mod h1:5LXHv1k1oS3ODzErLcZy7f5gUb3oAYj2CmvO46yy13Y=
indeed/gophers/elements v0.0.5/go.mod h1:7qanVV+b7jICJi2TAU171T7QNJPItvm8UnD4AcCtM+g=
indeed/gophers/libclip v0.0.5/go.mod h1:1JobKPztbxUnAdvoWXN2kqnqDpdLwlpNOvIaXJsGYkE=
indeed/gophers/libconfig v0.0.5 h1:72kot5bim4bOZpyya6QW7NhPmrlqXEZNgIa/6UPGB2M=
indeed/gophers/libconfig v0.0.5/go.mod h1:NL3bgoRv6vl2OCMwvHvAJsW+yCX9eL1sKCOWa1kH8Ps=
indeed/gophers/libdatastructures v0.0.5/go.mod h1:891ZylLbxIKA9PS8dEugtLtv4vAKMmcOg5r3lJmVVj0=
indeed/gophers/libmongo v0.0.5/go.mod h1:ljTCihqJXyjMt0DwxO9XRNqHL64CW/Gvfy86DrNgOKM=
indeed/gophers/libops v0.0.5 h1:oI8d3H9VOCRfMa29fyIO9d1Y3+5jEUdjrOecOoB7j5Y=
indeed/gophers/libops v0.0.5/go.mod h1:EHDWYhskNICb10Cmz+jZkmTgmZMkvBJu/1zmyA7Ostk=
indeed/gophers/librabbitmq v0.0.5/go.mod h1:b5rfdSRltI1mVFgAVD23MMh0qJpc0TZtVVanK5pH0J8=
indeed/gophers/libstatsd v0.0.5/go.mod h1:KV6FfdQVBZAsavdLWo3PDs0gtyOgI1UixeL6aOrwxiQ=
indeed/gophers/libtest v0.0.5/go.mod h1:88mEqOIDSHp61CuOTSWkt8QosAkgeF3Im0lIhxpnBOM=
indeed/gophers/libtime v0.0.5/go.mod h1:tzxC+8A3SxQm4B3viPmRdO+r5y0d9pNrKwVaJGv7BoE=
indeed/gophers/logrepo v0.0.5/go.mod h1:tXv4RnDkOFGmWol9eYUGUYVLnkchRUHqtx+U6MlwUK0=
indeed/gophers/rlog v0.0.5/go.mod h1:/SBPsMj2MSf8zTo7ARhTMQ5VIgjgz4ZH09MQHIm1nuM=
indeed/gophers/rlog v2.0.1 h1:lEfpGL67GiooiQ1Hz3Nb6icze6ZuFNpQlZAGvrIqBlc=
indeed/gophers/rlog v2.0.1/go.mod h1:QJIIMzFu+hGo7rzxJLzNxOi3EGo/v5pUd/b85izIQzE=
